%{"certifi": {:hex, :certifi, "0.4.0", "a7966efb868b179023618d29a407548f70c52466bf1849b9e8ebd0e34b7ea11f", [:rebar3], []},
  "connection": {:hex, :connection, "1.0.2", "f4a06dd3ecae4141aa66f94ce92ea4c4b8753069472814932f1cadbc3078ab80", [:mix], []},
  "cowboy": {:hex, :cowboy, "1.0.4", "a324a8df9f2316c833a470d918aaf73ae894278b8aa6226ce7a9bf699388f878", [:rebar, :make], [{:cowlib, "~> 1.0.0", [hex: :cowlib, optional: false]}, {:ranch, "~> 1.0", [hex: :ranch, optional: false]}]},
  "cowlib": {:hex, :cowlib, "1.0.2", "9d769a1d062c9c3ac753096f868ca121e2730b9a377de23dec0f7e08b1df84ee", [:make], []},
  "db_connection": {:hex, :db_connection, "0.2.5", "3e5e28019e0ec744345568d22a2f5206109bff0e2571f4d7819e0d14cf955f3e", [:mix], [{:sbroker, "~> 0.7", [hex: :sbroker, optional: true]}, {:poolboy, "~> 1.5", [hex: :poolboy, optional: true]}, {:connection, "~> 1.0.2", [hex: :connection, optional: false]}]},
  "decimal": {:hex, :decimal, "1.1.2", "79a769d4657b2d537b51ef3c02d29ab7141d2b486b516c109642d453ee08e00c", [:mix], []},
  "dogma": {:hex, :dogma, "0.1.4", "37b96934161f81838e6d461d22a7d92a5ffcf9a90b21e38845c2f6bf77770562", [:mix], [{:poison, ">= 1.0.0", [hex: :poison, optional: false]}]},
  "earmark": {:hex, :earmark, "0.2.1", "ba6d26ceb16106d069b289df66751734802777a3cbb6787026dd800ffeb850f3", [:mix], []},
  "ecto": {:hex, :ecto, "2.0.0-rc.3", "80b907fb6b0f5adaf3c64aaa565a7bff34e381c4b8e8055311805bdfde708f03", [:mix], [{:sbroker, "~> 0.7", [hex: :sbroker, optional: true]}, {:postgrex, "~> 0.11.1", [hex: :postgrex, optional: true]}, {:poolboy, "~> 1.5", [hex: :poolboy, optional: false]}, {:poison, "~> 1.5 or ~> 2.0", [hex: :poison, optional: true]}, {:mariaex, "~> 0.7.1", [hex: :mariaex, optional: true]}, {:decimal, "~> 1.0", [hex: :decimal, optional: false]}]},
  "ex_doc": {:hex, :ex_doc, "0.11.4", "a064bdb720594c3745b94709b17ffb834fd858b4e0c1f48f37c0d92700759e02", [:mix], [{:earmark, "~> 0.1.17 or ~> 0.2", [hex: :earmark, optional: true]}]},
  "fs": {:hex, :fs, "0.9.2", "ed17036c26c3f70ac49781ed9220a50c36775c6ca2cf8182d123b6566e49ec59", [:rebar], []},
  "gen_smtp": {:hex, :gen_smtp, "0.9.0", "abddf6a464c593395ea70226db27c6b1fde48076de7ba5c8cc3e3a1d6c41b4f8", [:rebar], []},
  "gettext": {:hex, :gettext, "0.11.0", "80c1dd42d270482418fa158ec5ba073d2980e3718bacad86f3d4ad71d5667679", [:mix], []},
  "hackney": {:hex, :hackney, "1.6.0", "8d1e9440c9edf23bf5e5e2fe0c71de03eb265103b72901337394c840eec679ac", [:rebar3], [{:ssl_verify_fun, "1.1.0", [hex: :ssl_verify_fun, optional: false]}, {:mimerl, "1.0.2", [hex: :mimerl, optional: false]}, {:metrics, "1.0.1", [hex: :metrics, optional: false]}, {:idna, "1.2.0", [hex: :idna, optional: false]}, {:certifi, "0.4.0", [hex: :certifi, optional: false]}]},
  "hound": {:hex, :hound, "1.0.0", "323a3b65297c16ae4572183e2b04c06994da834c0696d594e1f3b9602bbb889a", [:mix], [{:poison, ">= 1.4.0", [hex: :poison, optional: false]}, {:httpoison, "~> 0.8", [hex: :httpoison, optional: false]}]},
  "httpoison": {:hex, :httpoison, "0.8.3", "b675a3fdc839a0b8d7a285c6b3747d6d596ae70b6ccb762233a990d7289ccae4", [:mix], [{:hackney, "~> 1.6.0", [hex: :hackney, optional: false]}]},
  "idna": {:hex, :idna, "1.2.0", "ac62ee99da068f43c50dc69acf700e03a62a348360126260e87f2b54eced86b2", [:rebar3], []},
  "metrics": {:hex, :metrics, "1.0.1", "25f094dea2cda98213cecc3aeff09e940299d950904393b2a29d191c346a8486", [:rebar3], []},
  "mimerl": {:hex, :mimerl, "1.0.2", "993f9b0e084083405ed8252b99460c4f0563e41729ab42d9074fd5e52439be88", [:rebar3], []},
  "phoenix": {:hex, :phoenix, "1.1.4", "65809fba92eb94377372a5fb5a561197654bb8406e773cc47ca1a031bbe58019", [:mix], [{:poison, "~> 1.5 or ~> 2.0", [hex: :poison, optional: false]}, {:plug, "~> 1.0", [hex: :plug, optional: false]}, {:cowboy, "~> 1.0", [hex: :cowboy, optional: true]}]},
  "phoenix_ecto": {:hex, :phoenix_ecto, "3.0.0-rc.0", "c4a482a326dd61b7b4fd1a130cc560020fc6e5e1c1ec845b3cb528af93f829c8", [:mix], [{:poison, "~> 1.5 or ~> 2.0", [hex: :poison, optional: true]}, {:phoenix_html, "~> 2.5", [hex: :phoenix_html, optional: true]}, {:ecto, "~> 2.0.0-rc", [hex: :ecto, optional: false]}]},
  "phoenix_html": {:hex, :phoenix_html, "2.5.1", "631053f9e345fecb5c87d9e0ccd807f7266d27e2ee4269817067af425fd81ba8", [:mix], [{:plug, "~> 0.13 or ~> 1.0", [hex: :plug, optional: false]}]},
  "phoenix_live_reload": {:hex, :phoenix_live_reload, "1.0.3", "262ed58c69174ae4f081725e03a072d0b48e6100248c0cbcd5df5e5fd4b212b6", [:mix], [{:phoenix, "~> 0.16 or ~> 1.0", [hex: :phoenix, optional: false]}, {:fs, "~> 0.9.1", [hex: :fs, optional: false]}]},
  "phoenix_slime": {:hex, :phoenix_slime, "0.5.1", "eb71b07366af56377d7debd6fcba305193381ce5e58e020ee3a7f0187952be2f", [:mix], [{:slime, "~> 0.11.0", [hex: :slime, optional: false]}, {:phoenix_html, "~> 2.3", [hex: :phoenix_html, optional: false]}, {:phoenix, "~> 1.1", [hex: :phoenix, optional: false]}, {:cowboy, "~> 1.0", [hex: :cowboy, optional: false]}]},
  "phoenix_swoosh": {:hex, :phoenix_swoosh, "0.1.1", "f80b42743f2238498a6dddd9168810b70e55126c5f5d82a2bb9559b0ed573777", [:mix], [{:swoosh, "~> 0.1", [hex: :swoosh, optional: false]}, {:phoenix_html, "~> 2.2", [hex: :phoenix_html, optional: false]}, {:phoenix, "~> 1.1", [hex: :phoenix, optional: false]}]},
  "plug": {:hex, :plug, "1.1.4", "2eee0e85ad420db96e075b3191d3764d6fff61422b101dc5b02e9cce99cacfc7", [:mix], [{:cowboy, "~> 1.0", [hex: :cowboy, optional: true]}]},
  "poison": {:hex, :poison, "2.1.0", "f583218ced822675e484648fa26c933d621373f01c6c76bd00005d7bd4b82e27", [:mix], []},
  "poolboy": {:hex, :poolboy, "1.5.1", "6b46163901cfd0a1b43d692657ed9d7e599853b3b21b95ae5ae0a777cf9b6ca8", [:rebar], []},
  "postgrex": {:hex, :postgrex, "0.11.1", "f48af70c0a58b9bfd1aaa456ec4273624554cfb837726b6a7f0701da4a94b2dd", [:mix], [{:decimal, "~> 1.0", [hex: :decimal, optional: false]}, {:db_connection, "~> 0.2", [hex: :db_connection, optional: false]}, {:connection, "~> 1.0", [hex: :connection, optional: false]}]},
  "ranch": {:hex, :ranch, "1.2.1", "a6fb992c10f2187b46ffd17ce398ddf8a54f691b81768f9ef5f461ea7e28c762", [:make], []},
  "slime": {:hex, :slime, "0.11.0", "098922eb645d57c9ae6d869139939441e29e61aab5da541de518e830bc61a54e", [:mix], []},
  "ssl_verify_fun": {:hex, :ssl_verify_fun, "1.1.0", "edee20847c42e379bf91261db474ffbe373f8acb56e9079acb6038d4e0bf414f", [:rebar, :make], []},
  "swoosh": {:hex, :swoosh, "0.3.0", "80922c15819d1dd4769d79bf6692cf9f665c227f6502626b4933e0013609bad1", [:mix], [{:poison, "~> 1.5 or ~> 2.0", [hex: :poison, optional: false]}, {:plug, "~> 1.1", [hex: :plug, optional: true]}, {:httpoison, "~> 0.8", [hex: :httpoison, optional: false]}, {:gen_smtp, "~> 0.9.0", [hex: :gen_smtp, optional: false]}, {:cowboy, "~> 1.0.0", [hex: :cowboy, optional: true]}]}}
